PODS:
  - CocoaLumberjack (3.7.4):
    - CocoaLumberjack/Core (= 3.7.4)
  - CocoaLumberjack/Core (3.7.4)
  - Kingfisher (7.2.0)
  - RxCocoa (6.5.0):
    - RxRelay (= 6.5.0)
    - RxSwift (= 6.5.0)
  - RxRelay (6.5.0):
    - RxSwift (= 6.5.0)
  - RxSwift (6.5.0)
  - SVGKit (3.0.0):
    - CocoaLumberjack (~> 3.0)

DEPENDENCIES:
  - Kingfisher (~> 7.0)
  - RxCocoa (= 6.5.0)
  - RxSwift (= 6.5.0)
  - SVGKit

SPEC REPOS:
  trunk:
    - CocoaLumberjack
    - Kingfisher
    - RxCocoa
    - RxRelay
    - RxSwift
    - SVGKit

SPEC CHECKSUMS:
  CocoaLumberjack: 543c79c114dadc3b1aba95641d8738b06b05b646
  Kingfisher: 3ac0b75b155cabc0e544877d1a4deea29feece92
  RxCocoa: 94f817b71c07517321eb4f9ad299112ca8af743b
  RxRelay: 1de1523e604c72b6c68feadedd1af3b1b4d0ecbd
  RxSwift: 5710a9e6b17f3c3d6e40d6e559b9fa1e813b2ef8
  SVGKit: 1ad7513f8c74d9652f94ed64ddecda1a23864dea

PODFILE CHECKSUM: 99b7c58a1a82edb41da26ac5fdf6f3a9a03d3a21

COCOAPODS: 1.11.3
