// !$*UTF8*$!
{
	archiveVersion = 1;
	classes = {
	};
	objectVersion = 55;
	objects = {

/* Begin PBXBuildFile section */
		7143B1D083E76036E083CB5C /* Pods_AutoCheckableTests.framework in Frameworks */ = {isa = PBXBuildFile; fileRef = E81BD656829F524B9DC20A7B /* Pods_AutoCheckableTests.framework */; };
		7FD3910DAF299F61862267A1 /* Pods_AutoCheckable_AutoCheckableUITests.framework in Frameworks */ = {isa = PBXBuildFile; fileRef = A8EB093C55B2DA62E064B452 /* Pods_AutoCheckable_AutoCheckableUITests.framework */; };
		81DD7A41F0C7DEA0F7AC7607 /* Pods_AutoCheckable.framework in Frameworks */ = {isa = PBXBuildFile; fileRef = A153469A2F5087AF41CEC847 /* Pods_AutoCheckable.framework */; };
		96B98D3B284E061A00583A3F /* AppDelegate.swift in Sources */ = {isa = PBXBuildFile; fileRef = 96B98D3A284E061A00583A3F /* AppDelegate.swift */; };
		96B98D3D284E061A00583A3F /* SceneDelegate.swift in Sources */ = {isa = PBXBuildFile; fileRef = 96B98D3C284E061A00583A3F /* SceneDelegate.swift */; };
		96B98D3F284E061A00583A3F /* ViewController.swift in Sources */ = {isa = PBXBuildFile; fileRef = 96B98D3E284E061A00583A3F /* ViewController.swift */; };
		96B98D42284E061A00583A3F /* Main.storyboard in Resources */ = {isa = PBXBuildFile; fileRef = 96B98D40284E061A00583A3F /* Main.storyboard */; };
		96B98D44284E061C00583A3F /* Assets.xcassets in Resources */ = {isa = PBXBuildFile; fileRef = 96B98D43284E061C00583A3F /* Assets.xcassets */; };
		96B98D47284E061C00583A3F /* LaunchScreen.storyboard in Resources */ = {isa = PBXBuildFile; fileRef = 96B98D45284E061C00583A3F /* LaunchScreen.storyboard */; };
		96B98D52284E061C00583A3F /* AutoCheckableTests.swift in Sources */ = {isa = PBXBuildFile; fileRef = 96B98D51284E061C00583A3F /* AutoCheckableTests.swift */; };
		96B98D5C284E061C00583A3F /* AutoCheckableUITests.swift in Sources */ = {isa = PBXBuildFile; fileRef = 96B98D5B284E061C00583A3F /* AutoCheckableUITests.swift */; };
		96B98D5E284E061C00583A3F /* AutoCheckableUITestsLaunchTests.swift in Sources */ = {isa = PBXBuildFile; fileRef = 96B98D5D284E061C00583A3F /* AutoCheckableUITestsLaunchTests.swift */; };
		96B98D6C284E110300583A3F /* ApiManager.swift in Sources */ = {isa = PBXBuildFile; fileRef = 96B98D6B284E110300583A3F /* ApiManager.swift */; };
		96B98D6D284E110300583A3F /* ApiManager.swift in Sources */ = {isa = PBXBuildFile; fileRef = 96B98D6B284E110300583A3F /* ApiManager.swift */; };
		96B98D72284E135B00583A3F /* LogManager.swift in Sources */ = {isa = PBXBuildFile; fileRef = 96B98D71284E135B00583A3F /* LogManager.swift */; };
		96B98D76284E139B00583A3F /* ErrorModel.swift in Sources */ = {isa = PBXBuildFile; fileRef = 96B98D75284E139B00583A3F /* ErrorModel.swift */; };
		96B98D78284E13A900583A3F /* RequestModel.swift in Sources */ = {isa = PBXBuildFile; fileRef = 96B98D77284E13A900583A3F /* RequestModel.swift */; };
		96B98D7A284E13C100583A3F /* ResponseModel.swift in Sources */ = {isa = PBXBuildFile; fileRef = 96B98D79284E13C100583A3F /* ResponseModel.swift */; };
		96B98D7D284E145900583A3F /* String+Extension.swift in Sources */ = {isa = PBXBuildFile; fileRef = 96B98D7C284E145900583A3F /* String+Extension.swift */; };
		96B98D7F284E147300583A3F /* ErrorKey.swift in Sources */ = {isa = PBXBuildFile; fileRef = 96B98D7E284E147300583A3F /* ErrorKey.swift */; };
/* End PBXBuildFile section */

/* Begin PBXContainerItemProxy section */
		96B98D4E284E061C00583A3F /* PBXContainerItemProxy */ = {
			isa = PBXContainerItemProxy;
			containerPortal = 96B98D2F284E061A00583A3F /* Project object */;
			proxyType = 1;
			remoteGlobalIDString = 96B98D36284E061A00583A3F;
			remoteInfo = AutoCheckable;
		};
		96B98D58284E061C00583A3F /* PBXContainerItemProxy */ = {
			isa = PBXContainerItemProxy;
			containerPortal = 96B98D2F284E061A00583A3F /* Project object */;
			proxyType = 1;
			remoteGlobalIDString = 96B98D36284E061A00583A3F;
			remoteInfo = AutoCheckable;
		};
/* End PBXContainerItemProxy section */

/* Begin PBXFileReference section */
		1AA3F06C53E8387167537525 /* Pods-AutoCheckable.debug.xcconfig */ = {isa = PBXFileReference; includeInIndex = 1; lastKnownFileType = text.xcconfig; name = "Pods-AutoCheckable.debug.xcconfig"; path = "Target Support Files/Pods-AutoCheckable/Pods-AutoCheckable.debug.xcconfig"; sourceTree = "<group>"; };
		3EDBECDC62C433BED8547268 /* Pods-AutoCheckable.release.xcconfig */ = {isa = PBXFileReference; includeInIndex = 1; lastKnownFileType = text.xcconfig; name = "Pods-AutoCheckable.release.xcconfig"; path = "Target Support Files/Pods-AutoCheckable/Pods-AutoCheckable.release.xcconfig"; sourceTree = "<group>"; };
		96B98D37284E061A00583A3F /* AutoCheckable.app */ = {isa = PBXFileReference; explicitFileType = wrapper.application; includeInIndex = 0; path = AutoCheckable.app; sourceTree = BUILT_PRODUCTS_DIR; };
		96B98D3A284E061A00583A3F /* AppDelegate.swift */ = {isa = PBXFileReference; lastKnownFileType = sourcecode.swift; path = AppDelegate.swift; sourceTree = "<group>"; };
		96B98D3C284E061A00583A3F /* SceneDelegate.swift */ = {isa = PBXFileReference; lastKnownFileType = sourcecode.swift; path = SceneDelegate.swift; sourceTree = "<group>"; };
		96B98D3E284E061A00583A3F /* ViewController.swift */ = {isa = PBXFileReference; lastKnownFileType = sourcecode.swift; path = ViewController.swift; sourceTree = "<group>"; };
		96B98D41284E061A00583A3F /* Base */ = {isa = PBXFileReference; lastKnownFileType = file.storyboard; name = Base; path = Base.lproj/Main.storyboard; sourceTree = "<group>"; };
		96B98D43284E061C00583A3F /* Assets.xcassets */ = {isa = PBXFileReference; lastKnownFileType = folder.assetcatalog; path = Assets.xcassets; sourceTree = "<group>"; };
		96B98D46284E061C00583A3F /* Base */ = {isa = PBXFileReference; lastKnownFileType = file.storyboard; name = Base; path = Base.lproj/LaunchScreen.storyboard; sourceTree = "<group>"; };
		96B98D48284E061C00583A3F /* Info.plist */ = {isa = PBXFileReference; lastKnownFileType = text.plist.xml; path = Info.plist; sourceTree = "<group>"; };
		96B98D4D284E061C00583A3F /* AutoCheckableTests.xctest */ = {isa = PBXFileReference; explicitFileType = wrapper.cfbundle; includeInIndex = 0; path = AutoCheckableTests.xctest; sourceTree = BUILT_PRODUCTS_DIR; };
		96B98D51284E061C00583A3F /* AutoCheckableTests.swift */ = {isa = PBXFileReference; lastKnownFileType = sourcecode.swift; path = AutoCheckableTests.swift; sourceTree = "<group>"; };
		96B98D57284E061C00583A3F /* AutoCheckableUITests.xctest */ = {isa = PBXFileReference; explicitFileType = wrapper.cfbundle; includeInIndex = 0; path = AutoCheckableUITests.xctest; sourceTree = BUILT_PRODUCTS_DIR; };
		96B98D5B284E061C00583A3F /* AutoCheckableUITests.swift */ = {isa = PBXFileReference; lastKnownFileType = sourcecode.swift; path = AutoCheckableUITests.swift; sourceTree = "<group>"; };
		96B98D5D284E061C00583A3F /* AutoCheckableUITestsLaunchTests.swift */ = {isa = PBXFileReference; lastKnownFileType = sourcecode.swift; path = AutoCheckableUITestsLaunchTests.swift; sourceTree = "<group>"; };
		96B98D6B284E110300583A3F /* ApiManager.swift */ = {isa = PBXFileReference; lastKnownFileType = sourcecode.swift; path = ApiManager.swift; sourceTree = "<group>"; };
		96B98D71284E135B00583A3F /* LogManager.swift */ = {isa = PBXFileReference; lastKnownFileType = sourcecode.swift; path = LogManager.swift; sourceTree = "<group>"; };
		96B98D75284E139B00583A3F /* ErrorModel.swift */ = {isa = PBXFileReference; lastKnownFileType = sourcecode.swift; path = ErrorModel.swift; sourceTree = "<group>"; };
		96B98D77284E13A900583A3F /* RequestModel.swift */ = {isa = PBXFileReference; lastKnownFileType = sourcecode.swift; path = RequestModel.swift; sourceTree = "<group>"; };
		96B98D79284E13C100583A3F /* ResponseModel.swift */ = {isa = PBXFileReference; lastKnownFileType = sourcecode.swift; path = ResponseModel.swift; sourceTree = "<group>"; };
		96B98D7C284E145900583A3F /* String+Extension.swift */ = {isa = PBXFileReference; lastKnownFileType = sourcecode.swift; path = "String+Extension.swift"; sourceTree = "<group>"; };
		96B98D7E284E147300583A3F /* ErrorKey.swift */ = {isa = PBXFileReference; lastKnownFileType = sourcecode.swift; path = ErrorKey.swift; sourceTree = "<group>"; };
		A153469A2F5087AF41CEC847 /* Pods_AutoCheckable.framework */ = {isa = PBXFileReference; explicitFileType = wrapper.framework; includeInIndex = 0; path = Pods_AutoCheckable.framework; sourceTree = BUILT_PRODUCTS_DIR; };
		A8EB093C55B2DA62E064B452 /* Pods_AutoCheckable_AutoCheckableUITests.framework */ = {isa = PBXFileReference; explicitFileType = wrapper.framework; includeInIndex = 0; path = Pods_AutoCheckable_AutoCheckableUITests.framework; sourceTree = BUILT_PRODUCTS_DIR; };
		C5278EFE00A004A17CE5EB2D /* Pods-AutoCheckableTests.release.xcconfig */ = {isa = PBXFileReference; includeInIndex = 1; lastKnownFileType = text.xcconfig; name = "Pods-AutoCheckableTests.release.xcconfig"; path = "Target Support Files/Pods-AutoCheckableTests/Pods-AutoCheckableTests.release.xcconfig"; sourceTree = "<group>"; };
		C7B2B15C920B46A8F7D03893 /* Pods-AutoCheckable-AutoCheckableUITests.release.xcconfig */ = {isa = PBXFileReference; includeInIndex = 1; lastKnownFileType = text.xcconfig; name = "Pods-AutoCheckable-AutoCheckableUITests.release.xcconfig"; path = "Target Support Files/Pods-AutoCheckable-AutoCheckableUITests/Pods-AutoCheckable-AutoCheckableUITests.release.xcconfig"; sourceTree = "<group>"; };
		C7BFCC42DE101CB87D18E722 /* Pods-AutoCheckableTests.debug.xcconfig */ = {isa = PBXFileReference; includeInIndex = 1; lastKnownFileType = text.xcconfig; name = "Pods-AutoCheckableTests.debug.xcconfig"; path = "Target Support Files/Pods-AutoCheckableTests/Pods-AutoCheckableTests.debug.xcconfig"; sourceTree = "<group>"; };
		CD4D109750DCCC03DD45250E /* Pods-AutoCheckable-AutoCheckableUITests.debug.xcconfig */ = {isa = PBXFileReference; includeInIndex = 1; lastKnownFileType = text.xcconfig; name = "Pods-AutoCheckable-AutoCheckableUITests.debug.xcconfig"; path = "Target Support Files/Pods-AutoCheckable-AutoCheckableUITests/Pods-AutoCheckable-AutoCheckableUITests.debug.xcconfig"; sourceTree = "<group>"; };
		E81BD656829F524B9DC20A7B /* Pods_AutoCheckableTests.framework */ = {isa = PBXFileReference; explicitFileType = wrapper.framework; includeInIndex = 0; path = Pods_AutoCheckableTests.framework; sourceTree = BUILT_PRODUCTS_DIR; };
/* End PBXFileReference section */

/* Begin PBXFrameworksBuildPhase section */
		96B98D34284E061A00583A3F /* Frameworks */ = {
			isa = PBXFrameworksBuildPhase;
			buildActionMask = 2147483647;
			files = (
				81DD7A41F0C7DEA0F7AC7607 /* Pods_AutoCheckable.framework in Frameworks */,
			);
			runOnlyForDeploymentPostprocessing = 0;
		};
		96B98D4A284E061C00583A3F /* Frameworks */ = {
			isa = PBXFrameworksBuildPhase;
			buildActionMask = 2147483647;
			files = (
				7143B1D083E76036E083CB5C /* Pods_AutoCheckableTests.framework in Frameworks */,
			);
			runOnlyForDeploymentPostprocessing = 0;
		};
		96B98D54284E061C00583A3F /* Frameworks */ = {
			isa = PBXFrameworksBuildPhase;
			buildActionMask = 2147483647;
			files = (
				7FD3910DAF299F61862267A1 /* Pods_AutoCheckable_AutoCheckableUITests.framework in Frameworks */,
			);
			runOnlyForDeploymentPostprocessing = 0;
		};
/* End PBXFrameworksBuildPhase section */

/* Begin PBXGroup section */
		2569DC2071EC369C2B4613EC /* Frameworks */ = {
			isa = PBXGroup;
			children = (
				A153469A2F5087AF41CEC847 /* Pods_AutoCheckable.framework */,
				A8EB093C55B2DA62E064B452 /* Pods_AutoCheckable_AutoCheckableUITests.framework */,
				E81BD656829F524B9DC20A7B /* Pods_AutoCheckableTests.framework */,
			);
			name = Frameworks;
			sourceTree = "<group>";
		};
		3A39C40BBA41D03DC11D792D /* Pods */ = {
			isa = PBXGroup;
			children = (
				1AA3F06C53E8387167537525 /* Pods-AutoCheckable.debug.xcconfig */,
				3EDBECDC62C433BED8547268 /* Pods-AutoCheckable.release.xcconfig */,
				CD4D109750DCCC03DD45250E /* Pods-AutoCheckable-AutoCheckableUITests.debug.xcconfig */,
				C7B2B15C920B46A8F7D03893 /* Pods-AutoCheckable-AutoCheckableUITests.release.xcconfig */,
				C7BFCC42DE101CB87D18E722 /* Pods-AutoCheckableTests.debug.xcconfig */,
				C5278EFE00A004A17CE5EB2D /* Pods-AutoCheckableTests.release.xcconfig */,
			);
			path = Pods;
			sourceTree = "<group>";
		};
		96B98D2E284E061A00583A3F = {
			isa = PBXGroup;
			children = (
				96B98D39284E061A00583A3F /* AutoCheckable */,
				96B98D50284E061C00583A3F /* AutoCheckableTests */,
				96B98D5A284E061C00583A3F /* AutoCheckableUITests */,
				96B98D38284E061A00583A3F /* Products */,
				3A39C40BBA41D03DC11D792D /* Pods */,
				2569DC2071EC369C2B4613EC /* Frameworks */,
			);
			sourceTree = "<group>";
		};
		96B98D38284E061A00583A3F /* Products */ = {
			isa = PBXGroup;
			children = (
				96B98D37284E061A00583A3F /* AutoCheckable.app */,
				96B98D4D284E061C00583A3F /* AutoCheckableTests.xctest */,
				96B98D57284E061C00583A3F /* AutoCheckableUITests.xctest */,
			);
			name = Products;
			sourceTree = "<group>";
		};
		96B98D39284E061A00583A3F /* AutoCheckable */ = {
			isa = PBXGroup;
			children = (
				96B98D80284E150700583A3F /* Services */,
				96B98D7B284E143B00583A3F /* Utilities */,
				96B98D6A284E10E900583A3F /* Networking */,
				96B98D3A284E061A00583A3F /* AppDelegate.swift */,
				96B98D3C284E061A00583A3F /* SceneDelegate.swift */,
				96B98D3E284E061A00583A3F /* ViewController.swift */,
				96B98D40284E061A00583A3F /* Main.storyboard */,
				96B98D43284E061C00583A3F /* Assets.xcassets */,
				96B98D45284E061C00583A3F /* LaunchScreen.storyboard */,
				96B98D48284E061C00583A3F /* Info.plist */,
			);
			path = AutoCheckable;
			sourceTree = "<group>";
		};
		96B98D50284E061C00583A3F /* AutoCheckableTests */ = {
			isa = PBXGroup;
			children = (
				96B98D51284E061C00583A3F /* AutoCheckableTests.swift */,
			);
			path = AutoCheckableTests;
			sourceTree = "<group>";
		};
		96B98D5A284E061C00583A3F /* AutoCheckableUITests */ = {
			isa = PBXGroup;
			children = (
				96B98D5B284E061C00583A3F /* AutoCheckableUITests.swift */,
				96B98D5D284E061C00583A3F /* AutoCheckableUITestsLaunchTests.swift */,
			);
			path = AutoCheckableUITests;
			sourceTree = "<group>";
		};
		96B98D6A284E10E900583A3F /* Networking */ = {
			isa = PBXGroup;
			children = (
				96B98D74284E138B00583A3F /* Managers */,
				96B98D73284E138400583A3F /* Models */,
			);
			path = Networking;
			sourceTree = "<group>";
		};
		96B98D73284E138400583A3F /* Models */ = {
			isa = PBXGroup;
			children = (
				96B98D75284E139B00583A3F /* ErrorModel.swift */,
				96B98D77284E13A900583A3F /* RequestModel.swift */,
				96B98D79284E13C100583A3F /* ResponseModel.swift */,
			);
			path = Models;
			sourceTree = "<group>";
		};
		96B98D74284E138B00583A3F /* Managers */ = {
			isa = PBXGroup;
			children = (
				96B98D6B284E110300583A3F /* ApiManager.swift */,
				96B98D71284E135B00583A3F /* LogManager.swift */,
			);
			path = Managers;
			sourceTree = "<group>";
		};
		96B98D7B284E143B00583A3F /* Utilities */ = {
			isa = PBXGroup;
			children = (
				96B98D7C284E145900583A3F /* String+Extension.swift */,
				96B98D7E284E147300583A3F /* ErrorKey.swift */,
			);
			path = Utilities;
			sourceTree = "<group>";
		};
		96B98D80284E150700583A3F /* Services */ = {
			isa = PBXGroup;
			children = (
			);
			path = Services;
			sourceTree = "<group>";
		};
/* End PBXGroup section */

/* Begin PBXNativeTarget section */
		96B98D36284E061A00583A3F /* AutoCheckable */ = {
			isa = PBXNativeTarget;
			buildConfigurationList = 96B98D61284E061C00583A3F /* Build configuration list for PBXNativeTarget "AutoCheckable" */;
			buildPhases = (
				D03ED253AEB37DAE2425ABEE /* [CP] Check Pods Manifest.lock */,
				96B98D33284E061A00583A3F /* Sources */,
				96B98D34284E061A00583A3F /* Frameworks */,
				96B98D35284E061A00583A3F /* Resources */,
				D7F5D2B0B83F7675AACB0460 /* [CP] Embed Pods Frameworks */,
			);
			buildRules = (
			);
			dependencies = (
			);
			name = AutoCheckable;
			productName = AutoCheckable;
			productReference = 96B98D37284E061A00583A3F /* AutoCheckable.app */;
			productType = "com.apple.product-type.application";
		};
		96B98D4C284E061C00583A3F /* AutoCheckableTests */ = {
			isa = PBXNativeTarget;
			buildConfigurationList = 96B98D64284E061C00583A3F /* Build configuration list for PBXNativeTarget "AutoCheckableTests" */;
			buildPhases = (
				4B0CC039A33CF767926D7F3B /* [CP] Check Pods Manifest.lock */,
				96B98D49284E061C00583A3F /* Sources */,
				96B98D4A284E061C00583A3F /* Frameworks */,
				96B98D4B284E061C00583A3F /* Resources */,
			);
			buildRules = (
			);
			dependencies = (
				96B98D4F284E061C00583A3F /* PBXTargetDependency */,
			);
			name = AutoCheckableTests;
			productName = AutoCheckableTests;
			productReference = 96B98D4D284E061C00583A3F /* AutoCheckableTests.xctest */;
			productType = "com.apple.product-type.bundle.unit-test";
		};
		96B98D56284E061C00583A3F /* AutoCheckableUITests */ = {
			isa = PBXNativeTarget;
			buildConfigurationList = 96B98D67284E061C00583A3F /* Build configuration list for PBXNativeTarget "AutoCheckableUITests" */;
			buildPhases = (
				69F1F0E4FD3EAF46A6BDA575 /* [CP] Check Pods Manifest.lock */,
				96B98D53284E061C00583A3F /* Sources */,
				96B98D54284E061C00583A3F /* Frameworks */,
				96B98D55284E061C00583A3F /* Resources */,
				E62F4022FF6F4FB7926A03C9 /* [CP] Embed Pods Frameworks */,
			);
			buildRules = (
			);
			dependencies = (
				96B98D59284E061C00583A3F /* PBXTargetDependency */,
			);
			name = AutoCheckableUITests;
			productName = AutoCheckableUITests;
			productReference = 96B98D57284E061C00583A3F /* AutoCheckableUITests.xctest */;
			productType = "com.apple.product-type.bundle.ui-testing";
		};
/* End PBXNativeTarget section */

/* Begin PBXProject section */
		96B98D2F284E061A00583A3F /* Project object */ = {
			isa = PBXProject;
			attributes = {
				BuildIndependentTargetsInParallel = 1;
				LastSwiftUpdateCheck = 1340;
				LastUpgradeCheck = 1340;
				TargetAttributes = {
					96B98D36284E061A00583A3F = {
						CreatedOnToolsVersion = 13.4;
					};
					96B98D4C284E061C00583A3F = {
						CreatedOnToolsVersion = 13.4;
						TestTargetID = 96B98D36284E061A00583A3F;
					};
					96B98D56284E061C00583A3F = {
						CreatedOnToolsVersion = 13.4;
						TestTargetID = 96B98D36284E061A00583A3F;
					};
				};
			};
			buildConfigurationList = 96B98D32284E061A00583A3F /* Build configuration list for PBXProject "AutoCheckable" */;
			compatibilityVersion = "Xcode 13.0";
			developmentRegion = en;
			hasScannedForEncodings = 0;
			knownRegions = (
				en,
				Base,
			);
			mainGroup = 96B98D2E284E061A00583A3F;
			productRefGroup = 96B98D38284E061A00583A3F /* Products */;
			projectDirPath = "";
			projectRoot = "";
			targets = (
				96B98D36284E061A00583A3F /* AutoCheckable */,
				96B98D4C284E061C00583A3F /* AutoCheckableTests */,
				96B98D56284E061C00583A3F /* AutoCheckableUITests */,
			);
		};
/* End PBXProject section */

/* Begin PBXResourcesBuildPhase section */
		96B98D35284E061A00583A3F /* Resources */ = {
			isa = PBXResourcesBuildPhase;
			buildActionMask = 2147483647;
			files = (
				96B98D47284E061C00583A3F /* LaunchScreen.storyboard in Resources */,
				96B98D44284E061C00583A3F /* Assets.xcassets in Resources */,
				96B98D42284E061A00583A3F /* Main.storyboard in Resources */,
			);
			runOnlyForDeploymentPostprocessing = 0;
		};
		96B98D4B284E061C00583A3F /* Resources */ = {
			isa = PBXResourcesBuildPhase;
			buildActionMask = 2147483647;
			files = (
			);
			runOnlyForDeploymentPostprocessing = 0;
		};
		96B98D55284E061C00583A3F /* Resources */ = {
			isa = PBXResourcesBuildPhase;
			buildActionMask = 2147483647;
			files = (
			);
			runOnlyForDeploymentPostprocessing = 0;
		};
/* End PBXResourcesBuildPhase section */

/* Begin PBXShellScriptBuildPhase section */
		4B0CC039A33CF767926D7F3B /* [CP] Check Pods Manifest.lock */ = {
			isa = PBXShellScriptBuildPhase;
			buildActionMask = 2147483647;
			files = (
			);
			inputFileListPaths = (
			);
			inputPaths = (
				"${PODS_PODFILE_DIR_PATH}/Podfile.lock",
				"${PODS_ROOT}/Manifest.lock",
			);
			name = "[CP] Check Pods Manifest.lock";
			outputFileListPaths = (
			);
			outputPaths = (
				"$(DERIVED_FILE_DIR)/Pods-AutoCheckableTests-checkManifestLockResult.txt",
			);
			runOnlyForDeploymentPostprocessing = 0;
			shellPath = /bin/sh;
			shellScript = "diff \"${PODS_PODFILE_DIR_PATH}/Podfile.lock\" \"${PODS_ROOT}/Manifest.lock\" > /dev/null\nif [ $? != 0 ] ; then\n    # print error to STDERR\n    echo \"error: The sandbox is not in sync with the Podfile.lock. Run 'pod install' or update your CocoaPods installation.\" >&2\n    exit 1\nfi\n# This output is used by Xcode 'outputs' to avoid re-running this script phase.\necho \"SUCCESS\" > \"${SCRIPT_OUTPUT_FILE_0}\"\n";
			showEnvVarsInLog = 0;
		};
		69F1F0E4FD3EAF46A6BDA575 /* [CP] Check Pods Manifest.lock */ = {
			isa = PBXShellScriptBuildPhase;
			buildActionMask = 2147483647;
			files = (
			);
			inputFileListPaths = (
			);
			inputPaths = (
				"${PODS_PODFILE_DIR_PATH}/Podfile.lock",
				"${PODS_ROOT}/Manifest.lock",
			);
			name = "[CP] Check Pods Manifest.lock";
			outputFileListPaths = (
			);
			outputPaths = (
				"$(DERIVED_FILE_DIR)/Pods-AutoCheckable-AutoCheckableUITests-checkManifestLockResult.txt",
			);
			runOnlyForDeploymentPostprocessing = 0;
			shellPath = /bin/sh;
			shellScript = "diff \"${PODS_PODFILE_DIR_PATH}/Podfile.lock\" \"${PODS_ROOT}/Manifest.lock\" > /dev/null\nif [ $? != 0 ] ; then\n    # print error to STDERR\n    echo \"error: The sandbox is not in sync with the Podfile.lock. Run 'pod install' or update your CocoaPods installation.\" >&2\n    exit 1\nfi\n# This output is used by Xcode 'outputs' to avoid re-running this script phase.\necho \"SUCCESS\" > \"${SCRIPT_OUTPUT_FILE_0}\"\n";
			showEnvVarsInLog = 0;
		};
		D03ED253AEB37DAE2425ABEE /* [CP] Check Pods Manifest.lock */ = {
			isa = PBXShellScriptBuildPhase;
			buildActionMask = 2147483647;
			files = (
			);
			inputFileListPaths = (
			);
			inputPaths = (
				"${PODS_PODFILE_DIR_PATH}/Podfile.lock",
				"${PODS_ROOT}/Manifest.lock",
			);
			name = "[CP] Check Pods Manifest.lock";
			outputFileListPaths = (
			);
			outputPaths = (
				"$(DERIVED_FILE_DIR)/Pods-AutoCheckable-checkManifestLockResult.txt",
			);
			runOnlyForDeploymentPostprocessing = 0;
			shellPath = /bin/sh;
			shellScript = "diff \"${PODS_PODFILE_DIR_PATH}/Podfile.lock\" \"${PODS_ROOT}/Manifest.lock\" > /dev/null\nif [ $? != 0 ] ; then\n    # print error to STDERR\n    echo \"error: The sandbox is not in sync with the Podfile.lock. Run 'pod install' or update your CocoaPods installation.\" >&2\n    exit 1\nfi\n# This output is used by Xcode 'outputs' to avoid re-running this script phase.\necho \"SUCCESS\" > \"${SCRIPT_OUTPUT_FILE_0}\"\n";
			showEnvVarsInLog = 0;
		};
		D7F5D2B0B83F7675AACB0460 /* [CP] Embed Pods Frameworks */ = {
			isa = PBXShellScriptBuildPhase;
			buildActionMask = 2147483647;
			files = (
			);
			inputFileListPaths = (
				"${PODS_ROOT}/Target Support Files/Pods-AutoCheckable/Pods-AutoCheckable-frameworks-${CONFIGURATION}-input-files.xcfilelist",
			);
			name = "[CP] Embed Pods Frameworks";
			outputFileListPaths = (
				"${PODS_ROOT}/Target Support Files/Pods-AutoCheckable/Pods-AutoCheckable-frameworks-${CONFIGURATION}-output-files.xcfilelist",
			);
			runOnlyForDeploymentPostprocessing = 0;
			shellPath = /bin/sh;
			shellScript = "\"${PODS_ROOT}/Target Support Files/Pods-AutoCheckable/Pods-AutoCheckable-frameworks.sh\"\n";
			showEnvVarsInLog = 0;
		};
		E62F4022FF6F4FB7926A03C9 /* [CP] Embed Pods Frameworks */ = {
			isa = PBXShellScriptBuildPhase;
			buildActionMask = 2147483647;
			files = (
			);
			inputFileListPaths = (
				"${PODS_ROOT}/Target Support Files/Pods-AutoCheckable-AutoCheckableUITests/Pods-AutoCheckable-AutoCheckableUITests-frameworks-${CONFIGURATION}-input-files.xcfilelist",
			);
			name = "[CP] Embed Pods Frameworks";
			outputFileListPaths = (
				"${PODS_ROOT}/Target Support Files/Pods-AutoCheckable-AutoCheckableUITests/Pods-AutoCheckable-AutoCheckableUITests-frameworks-${CONFIGURATION}-output-files.xcfilelist",
			);
			runOnlyForDeploymentPostprocessing = 0;
			shellPath = /bin/sh;
			shellScript = "\"${PODS_ROOT}/Target Support Files/Pods-AutoCheckable-AutoCheckableUITests/Pods-AutoCheckable-AutoCheckableUITests-frameworks.sh\"\n";
			showEnvVarsInLog = 0;
		};
/* End PBXShellScriptBuildPhase section */

/* Begin PBXSourcesBuildPhase section */
		96B98D33284E061A00583A3F /* Sources */ = {
			isa = PBXSourcesBuildPhase;
			buildActionMask = 2147483647;
			files = (
				96B98D76284E139B00583A3F /* ErrorModel.swift in Sources */,
				96B98D7D284E145900583A3F /* String+Extension.swift in Sources */,
				96B98D6C284E110300583A3F /* ApiManager.swift in Sources */,
				96B98D72284E135B00583A3F /* LogManager.swift in Sources */,
				96B98D3F284E061A00583A3F /* ViewController.swift in Sources */,
				96B98D78284E13A900583A3F /* RequestModel.swift in Sources */,
				96B98D7F284E147300583A3F /* ErrorKey.swift in Sources */,
				96B98D3B284E061A00583A3F /* AppDelegate.swift in Sources */,
				96B98D7A284E13C100583A3F /* ResponseModel.swift in Sources */,
				96B98D3D284E061A00583A3F /* SceneDelegate.swift in Sources */,
			);
			runOnlyForDeploymentPostprocessing = 0;
		};
		96B98D49284E061C00583A3F /* Sources */ = {
			isa = PBXSourcesBuildPhase;
			buildActionMask = 2147483647;
			files = (
				96B98D6D284E110300583A3F /* ApiManager.swift in Sources */,
				96B98D52284E061C00583A3F /* AutoCheckableTests.swift in Sources */,
			);
			runOnlyForDeploymentPostprocessing = 0;
		};
		96B98D53284E061C00583A3F /* Sources */ = {
			isa = PBXSourcesBuildPhase;
			buildActionMask = 2147483647;
			files = (
				96B98D5E284E061C00583A3F /* AutoCheckableUITestsLaunchTests.swift in Sources */,
				96B98D5C284E061C00583A3F /* AutoCheckableUITests.swift in Sources */,
			);
			runOnlyForDeploymentPostprocessing = 0;
		};
/* End PBXSourcesBuildPhase section */

/* Begin PBXTargetDependency section */
		96B98D4F284E061C00583A3F /* PBXTargetDependency */ = {
			isa = PBXTargetDependency;
			target = 96B98D36284E061A00583A3F /* AutoCheckable */;
			targetProxy = 96B98D4E284E061C00583A3F /* PBXContainerItemProxy */;
		};
		96B98D59284E061C00583A3F /* PBXTargetDependency */ = {
			isa = PBXTargetDependency;
			target = 96B98D36284E061A00583A3F /* AutoCheckable */;
			targetProxy = 96B98D58284E061C00583A3F /* PBXContainerItemProxy */;
		};
/* End PBXTargetDependency section */

/* Begin PBXVariantGroup section */
		96B98D40284E061A00583A3F /* Main.storyboard */ = {
			isa = PBXVariantGroup;
			children = (
				96B98D41284E061A00583A3F /* Base */,
			);
			name = Main.storyboard;
			sourceTree = "<group>";
		};
		96B98D45284E061C00583A3F /* LaunchScreen.storyboard */ = {
			isa = PBXVariantGroup;
			children = (
				96B98D46284E061C00583A3F /* Base */,
			);
			name = LaunchScreen.storyboard;
			sourceTree = "<group>";
		};
/* End PBXVariantGroup section */

/* Begin XCBuildConfiguration section */
		96B98D5F284E061C00583A3F /* Debug */ = {
			isa = XCBuildConfiguration;
			buildSettings = {
				ALWAYS_SEARCH_USER_PATHS = NO;
				CLANG_ANALYZER_NONNULL = YES;
				CLANG_ANALYZER_NUMBER_OBJECT_CONVERSION = YES_AGGRESSIVE;
				CLANG_CXX_LANGUAGE_STANDARD = "gnu++17";
				CLANG_ENABLE_MODULES = YES;
				CLANG_ENABLE_OBJC_ARC = YES;
				CLANG_ENABLE_OBJC_WEAK = YES;
				CLANG_WARN_BLOCK_CAPTURE_AUTORELEASING = YES;
				CLANG_WARN_BOOL_CONVERSION = YES;
				CLANG_WARN_COMMA = YES;
				CLANG_WARN_CONSTANT_CONVERSION = YES;
				CLANG_WARN_DEPRECATED_OBJC_IMPLEMENTATIONS = YES;
				CLANG_WARN_DIRECT_OBJC_ISA_USAGE = YES_ERROR;
				CLANG_WARN_DOCUMENTATION_COMMENTS = YES;
				CLANG_WARN_EMPTY_BODY = YES;
				CLANG_WARN_ENUM_CONVERSION = YES;
				CLANG_WARN_INFINITE_RECURSION = YES;
				CLANG_WARN_INT_CONVERSION = YES;
				CLANG_WARN_NON_LITERAL_NULL_CONVERSION = YES;
				CLANG_WARN_OBJC_IMPLICIT_RETAIN_SELF = YES;
				CLANG_WARN_OBJC_LITERAL_CONVERSION = YES;
				CLANG_WARN_OBJC_ROOT_CLASS = YES_ERROR;
				CLANG_WARN_QUOTED_INCLUDE_IN_FRAMEWORK_HEADER = YES;
				CLANG_WARN_RANGE_LOOP_ANALYSIS = YES;
				CLANG_WARN_STRICT_PROTOTYPES = YES;
				CLANG_WARN_SUSPICIOUS_MOVE = YES;
				CLANG_WARN_UNGUARDED_AVAILABILITY = YES_AGGRESSIVE;
				CLANG_WARN_UNREACHABLE_CODE = YES;
				CLANG_WARN__DUPLICATE_METHOD_MATCH = YES;
				COPY_PHASE_STRIP = NO;
				DEBUG_INFORMATION_FORMAT = dwarf;
				ENABLE_STRICT_OBJC_MSGSEND = YES;
				ENABLE_TESTABILITY = YES;
				GCC_C_LANGUAGE_STANDARD = gnu11;
				GCC_DYNAMIC_NO_PIC = NO;
				GCC_NO_COMMON_BLOCKS = YES;
				GCC_OPTIMIZATION_LEVEL = 0;
				GCC_PREPROCESSOR_DEFINITIONS = (
					"DEBUG=1",
					"$(inherited)",
				);
				GCC_WARN_64_TO_32_BIT_CONVERSION = YES;
				GCC_WARN_ABOUT_RETURN_TYPE = YES_ERROR;
				GCC_WARN_UNDECLARED_SELECTOR = YES;
				GCC_WARN_UNINITIALIZED_AUTOS = YES_AGGRESSIVE;
				GCC_WARN_UNUSED_FUNCTION = YES;
				GCC_WARN_UNUSED_VARIABLE = YES;
				IPHONEOS_DEPLOYMENT_TARGET = 15.5;
				MTL_ENABLE_DEBUG_INFO = INCLUDE_SOURCE;
				MTL_FAST_MATH = YES;
				ONLY_ACTIVE_ARCH = YES;
				SDKROOT = iphoneos;
				SWIFT_ACTIVE_COMPILATION_CONDITIONS = DEBUG;
				SWIFT_OPTIMIZATION_LEVEL = "-Onone";
			};
			name = Debug;
		};
		96B98D60284E061C00583A3F /* Release */ = {
			isa = XCBuildConfiguration;
			buildSettings = {
				ALWAYS_SEARCH_USER_PATHS = NO;
				CLANG_ANALYZER_NONNULL = YES;
				CLANG_ANALYZER_NUMBER_OBJECT_CONVERSION = YES_AGGRESSIVE;
				CLANG_CXX_LANGUAGE_STANDARD = "gnu++17";
				CLANG_ENABLE_MODULES = YES;
				CLANG_ENABLE_OBJC_ARC = YES;
				CLANG_ENABLE_OBJC_WEAK = YES;
				CLANG_WARN_BLOCK_CAPTURE_AUTORELEASING = YES;
				CLANG_WARN_BOOL_CONVERSION = YES;
				CLANG_WARN_COMMA = YES;
				CLANG_WARN_CONSTANT_CONVERSION = YES;
				CLANG_WARN_DEPRECATED_OBJC_IMPLEMENTATIONS = YES;
				CLANG_WARN_DIRECT_OBJC_ISA_USAGE = YES_ERROR;
				CLANG_WARN_DOCUMENTATION_COMMENTS = YES;
				CLANG_WARN_EMPTY_BODY = YES;
				CLANG_WARN_ENUM_CONVERSION = YES;
				CLANG_WARN_INFINITE_RECURSION = YES;
				CLANG_WARN_INT_CONVERSION = YES;
				CLANG_WARN_NON_LITERAL_NULL_CONVERSION = YES;
				CLANG_WARN_OBJC_IMPLICIT_RETAIN_SELF = YES;
				CLANG_WARN_OBJC_LITERAL_CONVERSION = YES;
				CLANG_WARN_OBJC_ROOT_CLASS = YES_ERROR;
				CLANG_WARN_QUOTED_INCLUDE_IN_FRAMEWORK_HEADER = YES;
				CLANG_WARN_RANGE_LOOP_ANALYSIS = YES;
				CLANG_WARN_STRICT_PROTOTYPES = YES;
				CLANG_WARN_SUSPICIOUS_MOVE = YES;
				CLANG_WARN_UNGUARDED_AVAILABILITY = YES_AGGRESSIVE;
				CLANG_WARN_UNREACHABLE_CODE = YES;
				CLANG_WARN__DUPLICATE_METHOD_MATCH = YES;
				COPY_PHASE_STRIP = NO;
				DEBUG_INFORMATION_FORMAT = "dwarf-with-dsym";
				ENABLE_NS_ASSERTIONS = NO;
				ENABLE_STRICT_OBJC_MSGSEND = YES;
				GCC_C_LANGUAGE_STANDARD = gnu11;
				GCC_NO_COMMON_BLOCKS = YES;
				GCC_WARN_64_TO_32_BIT_CONVERSION = YES;
				GCC_WARN_ABOUT_RETURN_TYPE = YES_ERROR;
				GCC_WARN_UNDECLARED_SELECTOR = YES;
				GCC_WARN_UNINITIALIZED_AUTOS = YES_AGGRESSIVE;
				GCC_WARN_UNUSED_FUNCTION = YES;
				GCC_WARN_UNUSED_VARIABLE = YES;
				IPHONEOS_DEPLOYMENT_TARGET = 15.5;
				MTL_ENABLE_DEBUG_INFO = NO;
				MTL_FAST_MATH = YES;
				SDKROOT = iphoneos;
				SWIFT_COMPILATION_MODE = wholemodule;
				SWIFT_OPTIMIZATION_LEVEL = "-O";
				VALIDATE_PRODUCT = YES;
			};
			name = Release;
		};
		96B98D62284E061C00583A3F /* Debug */ = {
			isa = XCBuildConfiguration;
			baseConfigurationReference = 1AA3F06C53E8387167537525 /* Pods-AutoCheckable.debug.xcconfig */;
			buildSettings = {
				ASSETCATALOG_COMPILER_APPICON_NAME = AppIcon;
				ASSETCATALOG_COMPILER_GLOBAL_ACCENT_COLOR_NAME = AccentColor;
				CODE_SIGN_STYLE = Automatic;
				CURRENT_PROJECT_VERSION = 1;
				DEVELOPMENT_TEAM = 5P662H3S28;
				GENERATE_INFOPLIST_FILE = YES;
				INFOPLIST_FILE = AutoCheckable/Info.plist;
				INFOPLIST_KEY_UIApplicationSupportsIndirectInputEvents = YES;
				INFOPLIST_KEY_UILaunchStoryboardName = LaunchScreen;
				INFOPLIST_KEY_UIMainStoryboardFile = Main;
				INFOPLIST_KEY_UISupportedInterfaceOrientations_iPad = "UIInterfaceOrientationPortrait UIInterfaceOrientationPortraitUpsideDown UIInterfaceOrientationLandscapeLeft UIInterfaceOrientationLandscapeRight";
				INFOPLIST_KEY_UISupportedInterfaceOrientations_iPhone = "UIInterfaceOrientationPortrait UIInterfaceOrientationLandscapeLeft UIInterfaceOrientationLandscapeRight";
				LD_RUNPATH_SEARCH_PATHS = (
					"$(inherited)",
					"@executable_path/Frameworks",
				);
				MARKETING_VERSION = 1.0;
				PRODUCT_BUNDLE_IDENTIFIER = com.bulamu.com.AutoCheckable;
				PRODUCT_NAME = "$(TARGET_NAME)";
				SWIFT_EMIT_LOC_STRINGS = YES;
				SWIFT_VERSION = 5.0;
				TARGETED_DEVICE_FAMILY = "1,2";
			};
			name = Debug;
		};
		96B98D63284E061C00583A3F /* Release */ = {
			isa = XCBuildConfiguration;
			baseConfigurationReference = 3EDBECDC62C433BED8547268 /* Pods-AutoCheckable.release.xcconfig */;
			buildSettings = {
				ASSETCATALOG_COMPILER_APPICON_NAME = AppIcon;
				ASSETCATALOG_COMPILER_GLOBAL_ACCENT_COLOR_NAME = AccentColor;
				CODE_SIGN_STYLE = Automatic;
				CURRENT_PROJECT_VERSION = 1;
				DEVELOPMENT_TEAM = 5P662H3S28;
				GENERATE_INFOPLIST_FILE = YES;
				INFOPLIST_FILE = AutoCheckable/Info.plist;
				INFOPLIST_KEY_UIApplicationSupportsIndirectInputEvents = YES;
				INFOPLIST_KEY_UILaunchStoryboardName = LaunchScreen;
				INFOPLIST_KEY_UIMainStoryboardFile = Main;
				INFOPLIST_KEY_UISupportedInterfaceOrientations_iPad = "UIInterfaceOrientationPortrait UIInterfaceOrientationPortraitUpsideDown UIInterfaceOrientationLandscapeLeft UIInterfaceOrientationLandscapeRight";
				INFOPLIST_KEY_UISupportedInterfaceOrientations_iPhone = "UIInterfaceOrientationPortrait UIInterfaceOrientationLandscapeLeft UIInterfaceOrientationLandscapeRight";
				LD_RUNPATH_SEARCH_PATHS = (
					"$(inherited)",
					"@executable_path/Frameworks",
				);
				MARKETING_VERSION = 1.0;
				PRODUCT_BUNDLE_IDENTIFIER = com.bulamu.com.AutoCheckable;
				PRODUCT_NAME = "$(TARGET_NAME)";
				SWIFT_EMIT_LOC_STRINGS = YES;
				SWIFT_VERSION = 5.0;
				TARGETED_DEVICE_FAMILY = "1,2";
			};
			name = Release;
		};
		96B98D65284E061C00583A3F /* Debug */ = {
			isa = XCBuildConfiguration;
			baseConfigurationReference = C7BFCC42DE101CB87D18E722 /* Pods-AutoCheckableTests.debug.xcconfig */;
			buildSettings = {
				ALWAYS_EMBED_SWIFT_STANDARD_LIBRARIES = YES;
				BUNDLE_LOADER = "$(TEST_HOST)";
				CODE_SIGN_STYLE = Automatic;
				CURRENT_PROJECT_VERSION = 1;
				DEVELOPMENT_TEAM = 5P662H3S28;
				GENERATE_INFOPLIST_FILE = YES;
				IPHONEOS_DEPLOYMENT_TARGET = 15.5;
				MARKETING_VERSION = 1.0;
				PRODUCT_BUNDLE_IDENTIFIER = com.bulamu.com.AutoCheckableTests;
				PRODUCT_NAME = "$(TARGET_NAME)";
				SWIFT_EMIT_LOC_STRINGS = NO;
				SWIFT_VERSION = 5.0;
				TARGETED_DEVICE_FAMILY = "1,2";
				TEST_HOST = "$(BUILT_PRODUCTS_DIR)/AutoCheckable.app/AutoCheckable";
			};
			name = Debug;
		};
		96B98D66284E061C00583A3F /* Release */ = {
			isa = XCBuildConfiguration;
			baseConfigurationReference = C5278EFE00A004A17CE5EB2D /* Pods-AutoCheckableTests.release.xcconfig */;
			buildSettings = {
				ALWAYS_EMBED_SWIFT_STANDARD_LIBRARIES = YES;
				BUNDLE_LOADER = "$(TEST_HOST)";
				CODE_SIGN_STYLE = Automatic;
				CURRENT_PROJECT_VERSION = 1;
				DEVELOPMENT_TEAM = 5P662H3S28;
				GENERATE_INFOPLIST_FILE = YES;
				IPHONEOS_DEPLOYMENT_TARGET = 15.5;
				MARKETING_VERSION = 1.0;
				PRODUCT_BUNDLE_IDENTIFIER = com.bulamu.com.AutoCheckableTests;
				PRODUCT_NAME = "$(TARGET_NAME)";
				SWIFT_EMIT_LOC_STRINGS = NO;
				SWIFT_VERSION = 5.0;
				TARGETED_DEVICE_FAMILY = "1,2";
				TEST_HOST = "$(BUILT_PRODUCTS_DIR)/AutoCheckable.app/AutoCheckable";
			};
			name = Release;
		};
		96B98D68284E061C00583A3F /* Debug */ = {
			isa = XCBuildConfiguration;
			baseConfigurationReference = CD4D109750DCCC03DD45250E /* Pods-AutoCheckable-AutoCheckableUITests.debug.xcconfig */;
			buildSettings = {
				ALWAYS_EMBED_SWIFT_STANDARD_LIBRARIES = YES;
				CODE_SIGN_STYLE = Automatic;
				CURRENT_PROJECT_VERSION = 1;
				DEVELOPMENT_TEAM = 5P662H3S28;
				GENERATE_INFOPLIST_FILE = YES;
				MARKETING_VERSION = 1.0;
				PRODUCT_BUNDLE_IDENTIFIER = com.bulamu.com.AutoCheckableUITests;
				PRODUCT_NAME = "$(TARGET_NAME)";
				SWIFT_EMIT_LOC_STRINGS = NO;
				SWIFT_VERSION = 5.0;
				TARGETED_DEVICE_FAMILY = "1,2";
				TEST_TARGET_NAME = AutoCheckable;
			};
			name = Debug;
		};
		96B98D69284E061C00583A3F /* Release */ = {
			isa = XCBuildConfiguration;
			baseConfigurationReference = C7B2B15C920B46A8F7D03893 /* Pods-AutoCheckable-AutoCheckableUITests.release.xcconfig */;
			buildSettings = {
				ALWAYS_EMBED_SWIFT_STANDARD_LIBRARIES = YES;
				CODE_SIGN_STYLE = Automatic;
				CURRENT_PROJECT_VERSION = 1;
				DEVELOPMENT_TEAM = 5P662H3S28;
				GENERATE_INFOPLIST_FILE = YES;
				MARKETING_VERSION = 1.0;
				PRODUCT_BUNDLE_IDENTIFIER = com.bulamu.com.AutoCheckableUITests;
				PRODUCT_NAME = "$(TARGET_NAME)";
				SWIFT_EMIT_LOC_STRINGS = NO;
				SWIFT_VERSION = 5.0;
				TARGETED_DEVICE_FAMILY = "1,2";
				TEST_TARGET_NAME = AutoCheckable;
			};
			name = Release;
		};
/* End XCBuildConfiguration section */

/* Begin XCConfigurationList section */
		96B98D32284E061A00583A3F /* Build configuration list for PBXProject "AutoCheckable" */ = {
			isa = XCConfigurationList;
			buildConfigurations = (
				96B98D5F284E061C00583A3F /* Debug */,
				96B98D60284E061C00583A3F /* Release */,
			);
			defaultConfigurationIsVisible = 0;
			defaultConfigurationName = Release;
		};
		96B98D61284E061C00583A3F /* Build configuration list for PBXNativeTarget "AutoCheckable" */ = {
			isa = XCConfigurationList;
			buildConfigurations = (
				96B98D62284E061C00583A3F /* Debug */,
				96B98D63284E061C00583A3F /* Release */,
			);
			defaultConfigurationIsVisible = 0;
			defaultConfigurationName = Release;
		};
		96B98D64284E061C00583A3F /* Build configuration list for PBXNativeTarget "AutoCheckableTests" */ = {
			isa = XCConfigurationList;
			buildConfigurations = (
				96B98D65284E061C00583A3F /* Debug */,
				96B98D66284E061C00583A3F /* Release */,
			);
			defaultConfigurationIsVisible = 0;
			defaultConfigurationName = Release;
		};
		96B98D67284E061C00583A3F /* Build configuration list for PBXNativeTarget "AutoCheckableUITests" */ = {
			isa = XCConfigurationList;
			buildConfigurations = (
				96B98D68284E061C00583A3F /* Debug */,
				96B98D69284E061C00583A3F /* Release */,
			);
			defaultConfigurationIsVisible = 0;
			defaultConfigurationName = Release;
		};
/* End XCConfigurationList section */
	};
	rootObject = 96B98D2F284E061A00583A3F /* Project object */;
}
